
Microsoft Visual Studio Solution File, Format Version 12.00
# Visual Studio Version 17
VisualStudioVersion = 17.14.37012.4 d17.14
MinimumVisualStudioVersion = 10.0.40219.1
Project("{FAE04EC0-301F-11D3-BF4B-00C04F79EFBC}") = "LorincMarton_WebAPI", "LorincMarton_WebAPI.csproj", "{92B8EC8D-0C37-415C-A8C5-B8EF414AA587}"
EndProject
Global
	GlobalSection(SolutionConfigurationPlatforms) = preSolution
		Debug|Any CPU = Debug|Any CPU
		Release|Any CPU = Release|Any CPU
	EndGlobalSection
	GlobalSection(ProjectConfigurationPlatforms) = postSolution
		{92B8EC8D-0C37-415C-A8C5-B8EF414AA587}.Debug|Any CPU.ActiveCfg = Debug|Any CPU
		{92B8EC8D-0C37-415C-A8C5-B8EF414AA587}.Debug|Any CPU.Build.0 = Debug|Any CPU
		{92B8EC8D-0C37-415C-A8C5-B8EF414AA587}.Release|Any CPU.ActiveCfg = Release|Any CPU
		{92B8EC8D-0C37-415C-A8C5-B8EF414AA587}.Release|Any CPU.Build.0 = Release|Any CPU
	EndGlobalSection
	GlobalSection(SolutionProperties) = preSolution
		HideSolutionNode = FALSE
	EndGlobalSection
	GlobalSection(ExtensibilityGlobals) = postSolution
		SolutionGuid = {75E4FC07-B939-4A8E-85B2-5B9DE346CAC6}
	EndGlobalSection
EndGlobal
